# This file is autogenerated, do not edit; changes may be undone by the next 'dep ensure'.


[[projects]]
  branch = "go1"
  name = "qpid.apache.org"
  packages = [
    "amqp",
    "electron",
    "proton"
  ]
  revision = "3826a8e5bc9fcebea49379d2c3cb8c73159b4e11"

[solve-meta]
  analyzer-name = "dep"
  analyzer-version = 1
  inputs-digest = "f9c33d8d5dee82f96367e60505f4a747fcb12a68462ab4172e671bd04d73ff55"
  solver-name = "gps-cdcl"
  solver-version = 1
